
Microsoft Visual Studio Solution File, Format Version 12.00
# Visual Studio Version 16
VisualStudioVersion = 16.0.30711.63
MinimumVisualStudioVersion = 10.0.40219.1
Project("{FAE04EC0-301F-11D3-BF4B-00C04F79EFBC}") = "Shop", "Shop.csproj", "{8A31FBFC-855F-4D6D-9372-3E5CB3550C09}"
EndProject
Global
	GlobalSection(SolutionConfigurationPlatforms) = preSolution
		Debug|Any CPU = Debug|Any CPU
		Release|Any CPU = Release|Any CPU
	EndGlobalSection
	GlobalSection(ProjectConfigurationPlatforms) = postSolution
		{8A31FBFC-855F-4D6D-9372-3E5CB3550C09}.Debug|Any CPU.ActiveCfg = Debug|Any CPU
		{8A31FBFC-855F-4D6D-9372-3E5CB3550C09}.Debug|Any CPU.Build.0 = Debug|Any CPU
		{8A31FBFC-855F-4D6D-9372-3E5CB3550C09}.Release|Any CPU.ActiveCfg = Release|Any CPU
		{8A31FBFC-855F-4D6D-9372-3E5CB3550C09}.Release|Any CPU.Build.0 = Release|Any CPU
	EndGlobalSection
	GlobalSection(SolutionProperties) = preSolution
		HideSolutionNode = FALSE
	EndGlobalSection
	GlobalSection(ExtensibilityGlobals) = postSolution
		SolutionGuid = {58B1BF05-D47F-45EC-B739-1C1E8EA90F72}
	EndGlobalSection
EndGlobal
